
Microsoft Visual Studio Solution File, Format Version 12.00
# Visual Studio Version 17
VisualStudioVersion = 17.8.34316.72
MinimumVisualStudioVersion = 10.0.40219.1
Project("{FAE04EC0-301F-11D3-BF4B-00C04F79EFBC}") = "calculyator", "calculyator\calculyator.csproj", "{F100C827-02BF-4091-9D67-915C543EEF49}"
EndProject
Global
	GlobalSection(SolutionConfigurationPlatforms) = preSolution
		Debug|Any CPU = Debug|Any CPU
		Release|Any CPU = Release|Any CPU
	EndGlobalSection
	GlobalSection(ProjectConfigurationPlatforms) = postSolution
		{F100C827-02BF-4091-9D67-915C543EEF49}.Debug|Any CPU.ActiveCfg = Debug|Any CPU
		{F100C827-02BF-4091-9D67-915C543EEF49}.Debug|Any CPU.Build.0 = Debug|Any CPU
		{F100C827-02BF-4091-9D67-915C543EEF49}.Release|Any CPU.ActiveCfg = Release|Any CPU
		{F100C827-02BF-4091-9D67-915C543EEF49}.Release|Any CPU.Build.0 = Release|Any CPU
	EndGlobalSection
	GlobalSection(SolutionProperties) = preSolution
		HideSolutionNode = FALSE
	EndGlobalSection
	GlobalSection(ExtensibilityGlobals) = postSolution
		SolutionGuid = {DB10E0E4-8EA9-46AC-ABD6-86FC02795F22}
	EndGlobalSection
EndGlobal
